// !$*UTF8*$!
{
	archiveVersion = 1;
	classes = {
	};
	objectVersion = 46;
	objects = {

/* Begin PBXBuildFile section */
		160E313619A2E8250004D44B /* SummaryDetailView.swift in Sources */ = {isa = PBXBuildFile; fileRef = 160E313519A2E8250004D44B /* SummaryDetailView.swift */; };
		16878CD0199C502000379918 /* MainViewController.swift in Sources */ = {isa = PBXBuildFile; fileRef = 16878CCF199C502000379918 /* MainViewController.swift */; };
		168BF8EC199BB2630024E4FC /* AppDelegate.swift in Sources */ = {isa = PBXBuildFile; fileRef = 168BF8EB199BB2630024E4FC /* AppDelegate.swift */; };
		168BF8F3199BB2630024E4FC /* Images.xcassets in Resources */ = {isa = PBXBuildFile; fileRef = 168BF8F2199BB2630024E4FC /* Images.xcassets */; };
		168BF8FF199BB2630024E4FC /* PositionSizeTests.swift in Sources */ = {isa = PBXBuildFile; fileRef = 168BF8FE199BB2630024E4FC /* PositionSizeTests.swift */; };
		1696DF5C19A06FBC0071219A /* SummaryView.swift in Sources */ = {isa = PBXBuildFile; fileRef = 1696DF5B19A06FBC0071219A /* SummaryView.swift */; };
		169A3D2C19AED83500E6B707 /* CustomButton.swift in Sources */ = {isa = PBXBuildFile; fileRef = 169A3D2B19AED83500E6B707 /* CustomButton.swift */; };
		16A043EB19AA58C40032C6E3 /* ActionTileView.swift in Sources */ = {isa = PBXBuildFile; fileRef = 16A043EA19AA58C40032C6E3 /* ActionTileView.swift */; };
		16A043ED19AA6F9A0032C6E3 /* PriceViewController.swift in Sources */ = {isa = PBXBuildFile; fileRef = 16A043EC19AA6F9A0032C6E3 /* PriceViewController.swift */; };
		16A043F319AAA6C60032C6E3 /* Position.swift in Sources */ = {isa = PBXBuildFile; fileRef = 16A043F219AAA6C60032C6E3 /* Position.swift */; };
		16A043F519AAAE6A0032C6E3 /* NumberFormatter.swift in Sources */ = {isa = PBXBuildFile; fileRef = 16A043F419AAAE6A0032C6E3 /* NumberFormatter.swift */; };
		16A043F719AAAF0E0032C6E3 /* DecimalNumber.swift in Sources */ = {isa = PBXBuildFile; fileRef = 16A043F619AAAF0E0032C6E3 /* DecimalNumber.swift */; };
		16A91F4D19B51F0D0059A09B /* Table.swift in Sources */ = {isa = PBXBuildFile; fileRef = 16A91F4C19B51F0D0059A09B /* Table.swift */; };
		16A91F4F19B533140059A09B /* TradingStyleCell.swift in Sources */ = {isa = PBXBuildFile; fileRef = 16A91F4E19B533140059A09B /* TradingStyleCell.swift */; };
		16AB2CE819AFF821004E0761 /* BalanceViewController.swift in Sources */ = {isa = PBXBuildFile; fileRef = 16AB2CE719AFF821004E0761 /* BalanceViewController.swift */; };
		16AB2CEA19B0257A004E0761 /* SummaryMessageView.swift in Sources */ = {isa = PBXBuildFile; fileRef = 16AB2CE919B0257A004E0761 /* SummaryMessageView.swift */; };
		16ADBF8E19A936DD002C37FB /* Color.swift in Sources */ = {isa = PBXBuildFile; fileRef = 16ADBF8D19A936DD002C37FB /* Color.swift */; };
		16ADBF9019A93718002C37FB /* UIColor+Hex.swift in Sources */ = {isa = PBXBuildFile; fileRef = 16ADBF8F19A93718002C37FB /* UIColor+Hex.swift */; };
		16ADBF9319A94FE5002C37FB /* AppConfig.swift in Sources */ = {isa = PBXBuildFile; fileRef = 16ADBF9219A94FE5002C37FB /* AppConfig.swift */; };
		16ADBF9519A9915F002C37FB /* PercentViewController.swift in Sources */ = {isa = PBXBuildFile; fileRef = 16ADBF9419A9915F002C37FB /* PercentViewController.swift */; };
		16ADBF9719A991EE002C37FB /* UIImage+Tint.swift in Sources */ = {isa = PBXBuildFile; fileRef = 16ADBF9619A991EE002C37FB /* UIImage+Tint.swift */; };
		16ADBF9919A9986A002C37FB /* Button.swift in Sources */ = {isa = PBXBuildFile; fileRef = 16ADBF9819A9986A002C37FB /* Button.swift */; };
		16C2EF3E199EEE300060D093 /* ActionView.swift in Sources */ = {isa = PBXBuildFile; fileRef = 16C2EF3D199EEE300060D093 /* ActionView.swift */; };
		16DFC0F219B278CE00C1F19A /* ProfitViewController.swift in Sources */ = {isa = PBXBuildFile; fileRef = 16DFC0F119B278CE00C1F19A /* ProfitViewController.swift */; };
		16DFC0F619B36D3F00C1F19A /* ProfitView.swift in Sources */ = {isa = PBXBuildFile; fileRef = 16DFC0F519B36D3F00C1F19A /* ProfitView.swift */; };
		16DFC0F819B371A300C1F19A /* ProfitCell.swift in Sources */ = {isa = PBXBuildFile; fileRef = 16DFC0F719B371A300C1F19A /* ProfitCell.swift */; };
		16DFC0FA19B38AE300C1F19A /* TextDetailView.swift in Sources */ = {isa = PBXBuildFile; fileRef = 16DFC0F919B38AE300C1F19A /* TextDetailView.swift */; };
		16DFC0FC19B38E4400C1F19A /* ProfitHeaderView.swift in Sources */ = {isa = PBXBuildFile; fileRef = 16DFC0FB19B38E4400C1F19A /* ProfitHeaderView.swift */; };
		16F23F97199DA1A6003EE89B /* SettingsViewController.swift in Sources */ = {isa = PBXBuildFile; fileRef = 16F23F96199DA1A6003EE89B /* SettingsViewController.swift */; };
		16F23F9A199DAE5E003EE89B /* StrikeHeaderView.swift in Sources */ = {isa = PBXBuildFile; fileRef = 16F23F99199DAE5E003EE89B /* StrikeHeaderView.swift */; };
		F72BA669661A49F2B052F79C /* libPods.a in Frameworks */ = {isa = PBXBuildFile; fileRef = C3D253C53CA849589C6DDB45 /* libPods.a */; };
/* End PBXBuildFile section */

/* Begin PBXContainerItemProxy section */
		168BF8F9199BB2630024E4FC /* PBXContainerItemProxy */ = {
			isa = PBXContainerItemProxy;
			containerPortal = 168BF8DE199BB2630024E4FC /* Project object */;
			proxyType = 1;
			remoteGlobalIDString = 168BF8E5199BB2630024E4FC;
			remoteInfo = PositionSize;
		};
/* End PBXContainerItemProxy section */

/* Begin PBXFileReference section */
		160E313519A2E8250004D44B /* SummaryDetailView.swift */ = {isa = PBXFileReference; fileEncoding = 4; lastKnownFileType = sourcecode.swift; path = SummaryDetailView.swift; sourceTree = "<group>"; };
		16878CCF199C502000379918 /* MainViewController.swift */ = {isa = PBXFileReference; fileEncoding = 4; lastKnownFileType = sourcecode.swift; path = MainViewController.swift; sourceTree = "<group>"; };
		16878D01199C58CD00379918 /* PositionSizeBridge.h */ = {isa = PBXFileReference; fileEncoding = 4; lastKnownFileType = sourcecode.c.h; path = PositionSizeBridge.h; sourceTree = "<group>"; };
		168BF8E6199BB2630024E4FC /* Position Size.app */ = {isa = PBXFileReference; explicitFileType = wrapper.application; includeInIndex = 0; path = "Position Size.app"; sourceTree = BUILT_PRODUCTS_DIR; };
		168BF8EA199BB2630024E4FC /* Info.plist */ = {isa = PBXFileReference; lastKnownFileType = text.plist.xml; path = Info.plist; sourceTree = "<group>"; };
		168BF8EB199BB2630024E4FC /* AppDelegate.swift */ = {isa = PBXFileReference; lastKnownFileType = sourcecode.swift; path = AppDelegate.swift; sourceTree = "<group>"; };
		168BF8F2199BB2630024E4FC /* Images.xcassets */ = {isa = PBXFileReference; lastKnownFileType = folder.assetcatalog; path = Images.xcassets; sourceTree = "<group>"; };
		168BF8F8199BB2630024E4FC /* PositionSizeTests.xctest */ = {isa = PBXFileReference; explicitFileType = wrapper.cfbundle; includeInIndex = 0; path = PositionSizeTests.xctest; sourceTree = BUILT_PRODUCTS_DIR; };
		168BF8FD199BB2630024E4FC /* Info.plist */ = {isa = PBXFileReference; lastKnownFileType = text.plist.xml; path = Info.plist; sourceTree = "<group>"; };
		168BF8FE199BB2630024E4FC /* PositionSizeTests.swift */ = {isa = PBXFileReference; lastKnownFileType = sourcecode.swift; path = PositionSizeTests.swift; sourceTree = "<group>"; };
		1696DF5B19A06FBC0071219A /* SummaryView.swift */ = {isa = PBXFileReference; fileEncoding = 4; lastKnownFileType = sourcecode.swift; path = SummaryView.swift; sourceTree = "<group>"; };
		169A3D2B19AED83500E6B707 /* CustomButton.swift */ = {isa = PBXFileReference; fileEncoding = 4; lastKnownFileType = sourcecode.swift; path = CustomButton.swift; sourceTree = "<group>"; };
		16A043EA19AA58C40032C6E3 /* ActionTileView.swift */ = {isa = PBXFileReference; fileEncoding = 4; lastKnownFileType = sourcecode.swift; path = ActionTileView.swift; sourceTree = "<group>"; };
		16A043EC19AA6F9A0032C6E3 /* PriceViewController.swift */ = {isa = PBXFileReference; fileEncoding = 4; lastKnownFileType = sourcecode.swift; path = PriceViewController.swift; sourceTree = "<group>"; };
		16A043F219AAA6C60032C6E3 /* Position.swift */ = {isa = PBXFileReference; fileEncoding = 4; lastKnownFileType = sourcecode.swift; path = Position.swift; sourceTree = "<group>"; };
		16A043F419AAAE6A0032C6E3 /* NumberFormatter.swift */ = {isa = PBXFileReference; fileEncoding = 4; lastKnownFileType = sourcecode.swift; path = NumberFormatter.swift; sourceTree = "<group>"; };
		16A043F619AAAF0E0032C6E3 /* DecimalNumber.swift */ = {isa = PBXFileReference; fileEncoding = 4; lastKnownFileType = sourcecode.swift; path = DecimalNumber.swift; sourceTree = "<group>"; };
		16A91F4C19B51F0D0059A09B /* Table.swift */ = {isa = PBXFileReference; fileEncoding = 4; lastKnownFileType = sourcecode.swift; path = Table.swift; sourceTree = "<group>"; };
		16A91F4E19B533140059A09B /* TradingStyleCell.swift */ = {isa = PBXFileReference; fileEncoding = 4; lastKnownFileType = sourcecode.swift; path = TradingStyleCell.swift; sourceTree = "<group>"; };
		16AB2CE719AFF821004E0761 /* BalanceViewController.swift */ = {isa = PBXFileReference; fileEncoding = 4; lastKnownFileType = sourcecode.swift; path = BalanceViewController.swift; sourceTree = "<group>"; };
		16AB2CE919B0257A004E0761 /* SummaryMessageView.swift */ = {isa = PBXFileReference; fileEncoding = 4; lastKnownFileType = sourcecode.swift; path = SummaryMessageView.swift; sourceTree = "<group>"; };
		16ADBF8D19A936DD002C37FB /* Color.swift */ = {isa = PBXFileReference; fileEncoding = 4; lastKnownFileType = sourcecode.swift; path = Color.swift; sourceTree = "<group>"; };
		16ADBF8F19A93718002C37FB /* UIColor+Hex.swift */ = {isa = PBXFileReference; fileEncoding = 4; lastKnownFileType = sourcecode.swift; path = "UIColor+Hex.swift"; sourceTree = "<group>"; };
		16ADBF9219A94FE5002C37FB /* AppConfig.swift */ = {isa = PBXFileReference; fileEncoding = 4; lastKnownFileType = sourcecode.swift; path = AppConfig.swift; sourceTree = "<group>"; };
		16ADBF9419A9915F002C37FB /* PercentViewController.swift */ = {isa = PBXFileReference; fileEncoding = 4; lastKnownFileType = sourcecode.swift; path = PercentViewController.swift; sourceTree = "<group>"; };
		16ADBF9619A991EE002C37FB /* UIImage+Tint.swift */ = {isa = PBXFileReference; fileEncoding = 4; lastKnownFileType = sourcecode.swift; path = "UIImage+Tint.swift"; sourceTree = "<group>"; };
		16ADBF9819A9986A002C37FB /* Button.swift */ = {isa = PBXFileReference; fileEncoding = 4; lastKnownFileType = sourcecode.swift; path = Button.swift; sourceTree = "<group>"; };
		16ADBF9A19A99B32002C37FB /* QuartzCore.framework */ = {isa = PBXFileReference; lastKnownFileType = wrapper.framework; name = QuartzCore.framework; path = System/Library/Frameworks/QuartzCore.framework; sourceTree = SDKROOT; };
		16C2EF3D199EEE300060D093 /* ActionView.swift */ = {isa = PBXFileReference; fileEncoding = 4; lastKnownFileType = sourcecode.swift; path = ActionView.swift; sourceTree = "<group>"; };
		16DFC0F119B278CE00C1F19A /* ProfitViewController.swift */ = {isa = PBXFileReference; fileEncoding = 4; lastKnownFileType = sourcecode.swift; path = ProfitViewController.swift; sourceTree = "<group>"; };
		16DFC0F519B36D3F00C1F19A /* ProfitView.swift */ = {isa = PBXFileReference; fileEncoding = 4; lastKnownFileType = sourcecode.swift; path = ProfitView.swift; sourceTree = "<group>"; };
		16DFC0F719B371A300C1F19A /* ProfitCell.swift */ = {isa = PBXFileReference; fileEncoding = 4; lastKnownFileType = sourcecode.swift; path = ProfitCell.swift; sourceTree = "<group>"; };
		16DFC0F919B38AE300C1F19A /* TextDetailView.swift */ = {isa = PBXFileReference; fileEncoding = 4; lastKnownFileType = sourcecode.swift; path = TextDetailView.swift; sourceTree = "<group>"; };
		16DFC0FB19B38E4400C1F19A /* ProfitHeaderView.swift */ = {isa = PBXFileReference; fileEncoding = 4; lastKnownFileType = sourcecode.swift; path = ProfitHeaderView.swift; sourceTree = "<group>"; };
		16F23F96199DA1A6003EE89B /* SettingsViewController.swift */ = {isa = PBXFileReference; fileEncoding = 4; lastKnownFileType = sourcecode.swift; path = SettingsViewController.swift; sourceTree = "<group>"; };
		16F23F99199DAE5E003EE89B /* StrikeHeaderView.swift */ = {isa = PBXFileReference; fileEncoding = 4; lastKnownFileType = sourcecode.swift; path = StrikeHeaderView.swift; sourceTree = "<group>"; };
		368CE388B66C4B0781F8BA26 /* Pods.xcconfig */ = {isa = PBXFileReference; includeInIndex = 1; lastKnownFileType = text.xcconfig; name = Pods.xcconfig; path = Pods/Pods.xcconfig; sourceTree = "<group>"; };
		C3D253C53CA849589C6DDB45 /* libPods.a */ = {isa = PBXFileReference; explicitFileType = archive.ar; includeInIndex = 0; path = libPods.a; sourceTree = BUILT_PRODUCTS_DIR; };
/* End PBXFileReference section */

/* Begin PBXFrameworksBuildPhase section */
		168BF8E3199BB2630024E4FC /* Frameworks */ = {
			isa = PBXFrameworksBuildPhase;
			buildActionMask = 2147483647;
			files = (
				F72BA669661A49F2B052F79C /* libPods.a in Frameworks */,
			);
			runOnlyForDeploymentPostprocessing = 0;
		};
		168BF8F5199BB2630024E4FC /* Frameworks */ = {
			isa = PBXFrameworksBuildPhase;
			buildActionMask = 2147483647;
			files = (
			);
			runOnlyForDeploymentPostprocessing = 0;
		};
/* End PBXFrameworksBuildPhase section */

/* Begin PBXGroup section */
		16878CD1199C502800379918 /* Controllers */ = {
			isa = PBXGroup;
			children = (
				16878CCF199C502000379918 /* MainViewController.swift */,
				16F23F96199DA1A6003EE89B /* SettingsViewController.swift */,
				16ADBF9419A9915F002C37FB /* PercentViewController.swift */,
				16A043EC19AA6F9A0032C6E3 /* PriceViewController.swift */,
				16AB2CE719AFF821004E0761 /* BalanceViewController.swift */,
				16DFC0F119B278CE00C1F19A /* ProfitViewController.swift */,
			);
			name = Controllers;
			sourceTree = "<group>";
		};
		16878CD2199C502F00379918 /* Singletons */ = {
			isa = PBXGroup;
			children = (
				168BF8EB199BB2630024E4FC /* AppDelegate.swift */,
			);
			name = Singletons;
			sourceTree = "<group>";
		};
		168BF8DD199BB2630024E4FC = {
			isa = PBXGroup;
			children = (
				168BF8E8199BB2630024E4FC /* PositionSize */,
				168BF8FB199BB2630024E4FC /* PositionSizeTests */,
				168BF8E7199BB2630024E4FC /* Products */,
				368CE388B66C4B0781F8BA26 /* Pods.xcconfig */,
				5154A9BC774D4932A79E7DA3 /* Frameworks */,
			);
			sourceTree = "<group>";
		};
		168BF8E7199BB2630024E4FC /* Products */ = {
			isa = PBXGroup;
			children = (
				168BF8E6199BB2630024E4FC /* Position Size.app */,
				168BF8F8199BB2630024E4FC /* PositionSizeTests.xctest */,
			);
			name = Products;
			sourceTree = "<group>";
		};
		168BF8E8199BB2630024E4FC /* PositionSize */ = {
			isa = PBXGroup;
			children = (
				16878CD2199C502F00379918 /* Singletons */,
				16878CD1199C502800379918 /* Controllers */,
				16ADBF9119A94FC7002C37FB /* Models + Data */,
				16F23F98199DAE33003EE89B /* Views */,
				16ADBF8C19A936B6002C37FB /* Helpers */,
				168BF8F2199BB2630024E4FC /* Images.xcassets */,
				168BF8E9199BB2630024E4FC /* Supporting Files */,
			);
			path = PositionSize;
			sourceTree = "<group>";
		};
		168BF8E9199BB2630024E4FC /* Supporting Files */ = {
			isa = PBXGroup;
			children = (
				168BF8EA199BB2630024E4FC /* Info.plist */,
				16878D01199C58CD00379918 /* PositionSizeBridge.h */,
			);
			name = "Supporting Files";
			sourceTree = "<group>";
		};
		168BF8FB199BB2630024E4FC /* PositionSizeTests */ = {
			isa = PBXGroup;
			children = (
				168BF8FE199BB2630024E4FC /* PositionSizeTests.swift */,
				168BF8FC199BB2630024E4FC /* Supporting Files */,
			);
			path = PositionSizeTests;
			sourceTree = "<group>";
		};
		168BF8FC199BB2630024E4FC /* Supporting Files */ = {
			isa = PBXGroup;
			children = (
				168BF8FD199BB2630024E4FC /* Info.plist */,
			);
			name = "Supporting Files";
			sourceTree = "<group>";
		};
		16ADBF8C19A936B6002C37FB /* Helpers */ = {
			isa = PBXGroup;
			children = (
				16ADBF8F19A93718002C37FB /* UIColor+Hex.swift */,
				16ADBF8D19A936DD002C37FB /* Color.swift */,
				16ADBF9619A991EE002C37FB /* UIImage+Tint.swift */,
				16ADBF9819A9986A002C37FB /* Button.swift */,
				16A043F419AAAE6A0032C6E3 /* NumberFormatter.swift */,
				16A043F619AAAF0E0032C6E3 /* DecimalNumber.swift */,
			);
			name = Helpers;
			sourceTree = "<group>";
		};
		16ADBF9119A94FC7002C37FB /* Models + Data */ = {
			isa = PBXGroup;
			children = (
				16ADBF9219A94FE5002C37FB /* AppConfig.swift */,
				16A043F219AAA6C60032C6E3 /* Position.swift */,
				16A91F4C19B51F0D0059A09B /* Table.swift */,
			);
			name = "Models + Data";
			sourceTree = "<group>";
		};
		16F23F98199DAE33003EE89B /* Views */ = {
			isa = PBXGroup;
			children = (
				16F23F99199DAE5E003EE89B /* StrikeHeaderView.swift */,
				16A043EA19AA58C40032C6E3 /* ActionTileView.swift */,
				16C2EF3D199EEE300060D093 /* ActionView.swift */,
				1696DF5B19A06FBC0071219A /* SummaryView.swift */,
				160E313519A2E8250004D44B /* SummaryDetailView.swift */,
				16AB2CE919B0257A004E0761 /* SummaryMessageView.swift */,
				169A3D2B19AED83500E6B707 /* CustomButton.swift */,
				16DFC0F519B36D3F00C1F19A /* ProfitView.swift */,
				16DFC0F719B371A300C1F19A /* ProfitCell.swift */,
				16DFC0F919B38AE300C1F19A /* TextDetailView.swift */,
				16DFC0FB19B38E4400C1F19A /* ProfitHeaderView.swift */,
				16A91F4E19B533140059A09B /* TradingStyleCell.swift */,
			);
			name = Views;
			sourceTree = "<group>";
		};
		5154A9BC774D4932A79E7DA3 /* Frameworks */ = {
			isa = PBXGroup;
			children = (
				16ADBF9A19A99B32002C37FB /* QuartzCore.framework */,
				C3D253C53CA849589C6DDB45 /* libPods.a */,
			);
			name = Frameworks;
			sourceTree = "<group>";
		};
/* End PBXGroup section */

/* Begin PBXNativeTarget section */
		168BF8E5199BB2630024E4FC /* PositionSize */ = {
			isa = PBXNativeTarget;
			buildConfigurationList = 168BF902199BB2630024E4FC /* Build configuration list for PBXNativeTarget "PositionSize" */;
			buildPhases = (
				71B48904080F4CB59B0EAC99 /* Check Pods Manifest.lock */,
				168BF8E2199BB2630024E4FC /* Sources */,
				168BF8E3199BB2630024E4FC /* Frameworks */,
				168BF8E4199BB2630024E4FC /* Resources */,
				4DBF32F1EA7C4089A9005E4D /* Copy Pods Resources */,
			);
			buildRules = (
			);
			dependencies = (
			);
			name = PositionSize;
			productName = PositionSize;
			productReference = 168BF8E6199BB2630024E4FC /* Position Size.app */;
			productType = "com.apple.product-type.application";
		};
		168BF8F7199BB2630024E4FC /* PositionSizeTests */ = {
			isa = PBXNativeTarget;
			buildConfigurationList = 168BF905199BB2630024E4FC /* Build configuration list for PBXNativeTarget "PositionSizeTests" */;
			buildPhases = (
				168BF8F4199BB2630024E4FC /* Sources */,
				168BF8F5199BB2630024E4FC /* Frameworks */,
				168BF8F6199BB2630024E4FC /* Resources */,
			);
			buildRules = (
			);
			dependencies = (
				168BF8FA199BB2630024E4FC /* PBXTargetDependency */,
			);
			name = PositionSizeTests;
			productName = PositionSizeTests;
			productReference = 168BF8F8199BB2630024E4FC /* PositionSizeTests.xctest */;
			productType = "com.apple.product-type.bundle.unit-test";
		};
/* End PBXNativeTarget section */

/* Begin PBXProject section */
		168BF8DE199BB2630024E4FC /* Project object */ = {
			isa = PBXProject;
			attributes = {
				LastUpgradeCheck = 0600;
				ORGANIZATIONNAME = "Axel Rivera";
				TargetAttributes = {
					168BF8E5199BB2630024E4FC = {
						CreatedOnToolsVersion = 6.0;
						DevelopmentTeam = C2Q5BUZ3MX;
					};
					168BF8F7199BB2630024E4FC = {
						CreatedOnToolsVersion = 6.0;
						TestTargetID = 168BF8E5199BB2630024E4FC;
					};
				};
			};
			buildConfigurationList = 168BF8E1199BB2630024E4FC /* Build configuration list for PBXProject "PositionSize" */;
			compatibilityVersion = "Xcode 3.2";
			developmentRegion = English;
			hasScannedForEncodings = 0;
			knownRegions = (
				en,
				Base,
			);
			mainGroup = 168BF8DD199BB2630024E4FC;
			productRefGroup = 168BF8E7199BB2630024E4FC /* Products */;
			projectDirPath = "";
			projectRoot = "";
			targets = (
				168BF8E5199BB2630024E4FC /* PositionSize */,
				168BF8F7199BB2630024E4FC /* PositionSizeTests */,
			);
		};
/* End PBXProject section */

/* Begin PBXResourcesBuildPhase section */
		168BF8E4199BB2630024E4FC /* Resources */ = {
			isa = PBXResourcesBuildPhase;
			buildActionMask = 2147483647;
			files = (
				168BF8F3199BB2630024E4FC /* Images.xcassets in Resources */,
			);
			runOnlyForDeploymentPostprocessing = 0;
		};
		168BF8F6199BB2630024E4FC /* Resources */ = {
			isa = PBXResourcesBuildPhase;
			buildActionMask = 2147483647;
			files = (
			);
			runOnlyForDeploymentPostprocessing = 0;
		};
/* End PBXResourcesBuildPhase section */

/* Begin PBXShellScriptBuildPhase section */
		4DBF32F1EA7C4089A9005E4D /* Copy Pods Resources */ = {
			isa = PBXShellScriptBuildPhase;
			buildActionMask = 2147483647;
			files = (
			);
			inputPaths = (
			);
			name = "Copy Pods Resources";
			outputPaths = (
			);
			runOnlyForDeploymentPostprocessing = 0;
			shellPath = /bin/sh;
			shellScript = "\"${SRCROOT}/Pods/Pods-resources.sh\"\n";
			showEnvVarsInLog = 0;
		};
		71B48904080F4CB59B0EAC99 /* Check Pods Manifest.lock */ = {
			isa = PBXShellScriptBuildPhase;
			buildActionMask = 2147483647;
			files = (
			);
			inputPaths = (
			);
			name = "Check Pods Manifest.lock";
			outputPaths = (
			);
			runOnlyForDeploymentPostprocessing = 0;
			shellPath = /bin/sh;
			shellScript = "diff \"${PODS_ROOT}/../Podfile.lock\" \"${PODS_ROOT}/Manifest.lock\" > /dev/null\nif [[ $? != 0 ]] ; then\n    cat << EOM\nerror: The sandbox is not in sync with the Podfile.lock. Run 'pod install' or update your CocoaPods installation.\nEOM\n    exit 1\nfi\n";
			showEnvVarsInLog = 0;
		};
/* End PBXShellScriptBuildPhase section */

/* Begin PBXSourcesBuildPhase section */
		168BF8E2199BB2630024E4FC /* Sources */ = {
			isa = PBXSourcesBuildPhase;
			buildActionMask = 2147483647;
			files = (
				16A043F719AAAF0E0032C6E3 /* DecimalNumber.swift in Sources */,
				169A3D2C19AED83500E6B707 /* CustomButton.swift in Sources */,
				16DFC0F619B36D3F00C1F19A /* ProfitView.swift in Sources */,
				16C2EF3E199EEE300060D093 /* ActionView.swift in Sources */,
				16ADBF9719A991EE002C37FB /* UIImage+Tint.swift in Sources */,
				16DFC0FC19B38E4400C1F19A /* ProfitHeaderView.swift in Sources */,
				168BF8EC199BB2630024E4FC /* AppDelegate.swift in Sources */,
				16F23F9A199DAE5E003EE89B /* StrikeHeaderView.swift in Sources */,
				16A043F519AAAE6A0032C6E3 /* NumberFormatter.swift in Sources */,
				16AB2CE819AFF821004E0761 /* BalanceViewController.swift in Sources */,
				16DFC0F219B278CE00C1F19A /* ProfitViewController.swift in Sources */,
				16A043EB19AA58C40032C6E3 /* ActionTileView.swift in Sources */,
				16ADBF9519A9915F002C37FB /* PercentViewController.swift in Sources */,
				16ADBF9019A93718002C37FB /* UIColor+Hex.swift in Sources */,
				16ADBF9319A94FE5002C37FB /* AppConfig.swift in Sources */,
				16878CD0199C502000379918 /* MainViewController.swift in Sources */,
				16DFC0F819B371A300C1F19A /* ProfitCell.swift in Sources */,
				16F23F97199DA1A6003EE89B /* SettingsViewController.swift in Sources */,
				16ADBF8E19A936DD002C37FB /* Color.swift in Sources */,
				16A91F4F19B533140059A09B /* TradingStyleCell.swift in Sources */,
				1696DF5C19A06FBC0071219A /* SummaryView.swift in Sources */,
				16ADBF9919A9986A002C37FB /* Button.swift in Sources */,
				16A91F4D19B51F0D0059A09B /* Table.swift in Sources */,
				160E313619A2E8250004D44B /* SummaryDetailView.swift in Sources */,
				16DFC0FA19B38AE300C1F19A /* TextDetailView.swift in Sources */,
				16A043F319AAA6C60032C6E3 /* Position.swift in Sources */,
				16AB2CEA19B0257A004E0761 /* SummaryMessageView.swift in Sources */,
				16A043ED19AA6F9A0032C6E3 /* PriceViewController.swift in Sources */,
			);
			runOnlyForDeploymentPostprocessing = 0;
		};
		168BF8F4199BB2630024E4FC /* Sources */ = {
			isa = PBXSourcesBuildPhase;
			buildActionMask = 2147483647;
			files = (
				168BF8FF199BB2630024E4FC /* PositionSizeTests.swift in Sources */,
			);
			runOnlyForDeploymentPostprocessing = 0;
		};
/* End PBXSourcesBuildPhase section */

/* Begin PBXTargetDependency section */
		168BF8FA199BB2630024E4FC /* PBXTargetDependency */ = {
			isa = PBXTargetDependency;
			target = 168BF8E5199BB2630024E4FC /* PositionSize */;
			targetProxy = 168BF8F9199BB2630024E4FC /* PBXContainerItemProxy */;
		};
/* End PBXTargetDependency section */

/* Begin XCBuildConfiguration section */
		168BF900199BB2630024E4FC /* Debug */ = {
			isa = XCBuildConfiguration;
			buildSettings = {
				ALWAYS_SEARCH_USER_PATHS = NO;
				CLANG_CXX_LANGUAGE_STANDARD = "gnu++0x";
				CLANG_CXX_LIBRARY = "libc++";
				CLANG_ENABLE_MODULES = YES;
				CLANG_ENABLE_OBJC_ARC = YES;
				CLANG_WARN_BOOL_CONVERSION = YES;
				CLANG_WARN_CONSTANT_CONVERSION = YES;
				CLANG_WARN_DIRECT_OBJC_ISA_USAGE = YES_ERROR;
				CLANG_WARN_EMPTY_BODY = YES;
				CLANG_WARN_ENUM_CONVERSION = YES;
				CLANG_WARN_INT_CONVERSION = YES;
				CLANG_WARN_OBJC_ROOT_CLASS = YES_ERROR;
				CLANG_WARN_UNREACHABLE_CODE = YES;
				CLANG_WARN__DUPLICATE_METHOD_MATCH = YES;
				"CODE_SIGN_IDENTITY[sdk=iphoneos*]" = "iPhone Developer";
				COPY_PHASE_STRIP = NO;
				ENABLE_STRICT_OBJC_MSGSEND = YES;
				GCC_C_LANGUAGE_STANDARD = gnu99;
				GCC_DYNAMIC_NO_PIC = NO;
				GCC_OPTIMIZATION_LEVEL = 0;
				GCC_PREPROCESSOR_DEFINITIONS = (
					"DEBUG=1",
					"$(inherited)",
				);
				GCC_SYMBOLS_PRIVATE_EXTERN = NO;
				GCC_WARN_64_TO_32_BIT_CONVERSION = YES;
				GCC_WARN_ABOUT_RETURN_TYPE = YES_ERROR;
				GCC_WARN_UNDECLARED_SELECTOR = YES;
				GCC_WARN_UNINITIALIZED_AUTOS = YES_AGGRESSIVE;
				GCC_WARN_UNUSED_FUNCTION = YES;
				GCC_WARN_UNUSED_VARIABLE = YES;
				IPHONEOS_DEPLOYMENT_TARGET = 7.0;
				MTL_ENABLE_DEBUG_INFO = YES;
				ONLY_ACTIVE_ARCH = YES;
				SDKROOT = iphoneos;
				SWIFT_OPTIMIZATION_LEVEL = "-Onone";
			};
			name = Debug;
		};
		168BF901199BB2630024E4FC /* Release */ = {
			isa = XCBuildConfiguration;
			buildSettings = {
				ALWAYS_SEARCH_USER_PATHS = NO;
				CLANG_CXX_LANGUAGE_STANDARD = "gnu++0x";
				CLANG_CXX_LIBRARY = "libc++";
				CLANG_ENABLE_MODULES = YES;
				CLANG_ENABLE_OBJC_ARC = YES;
				CLANG_WARN_BOOL_CONVERSION = YES;
				CLANG_WARN_CONSTANT_CONVERSION = YES;
				CLANG_WARN_DIRECT_OBJC_ISA_USAGE = YES_ERROR;
				CLANG_WARN_EMPTY_BODY = YES;
				CLANG_WARN_ENUM_CONVERSION = YES;
				CLANG_WARN_INT_CONVERSION = YES;
				CLANG_WARN_OBJC_ROOT_CLASS = YES_ERROR;
				CLANG_WARN_UNREACHABLE_CODE = YES;
				CLANG_WARN__DUPLICATE_METHOD_MATCH = YES;
				"CODE_SIGN_IDENTITY[sdk=iphoneos*]" = "iPhone Developer";
				COPY_PHASE_STRIP = YES;
				ENABLE_NS_ASSERTIONS = NO;
				ENABLE_STRICT_OBJC_MSGSEND = YES;
				GCC_C_LANGUAGE_STANDARD = gnu99;
				GCC_WARN_64_TO_32_BIT_CONVERSION = YES;
				GCC_WARN_ABOUT_RETURN_TYPE = YES_ERROR;
				GCC_WARN_UNDECLARED_SELECTOR = YES;
				GCC_WARN_UNINITIALIZED_AUTOS = YES_AGGRESSIVE;
				GCC_WARN_UNUSED_FUNCTION = YES;
				GCC_WARN_UNUSED_VARIABLE = YES;
				IPHONEOS_DEPLOYMENT_TARGET = 7.0;
				MTL_ENABLE_DEBUG_INFO = NO;
				SDKROOT = iphoneos;
				VALIDATE_PRODUCT = YES;
			};
			name = Release;
		};
		168BF903199BB2630024E4FC /* Debug */ = {
			isa = XCBuildConfiguration;
			baseConfigurationReference = 368CE388B66C4B0781F8BA26 /* Pods.xcconfig */;
			buildSettings = {
				ASSETCATALOG_COMPILER_APPICON_NAME = AppIcon;
				ASSETCATALOG_COMPILER_LAUNCHIMAGE_NAME = LaunchImage;
				CODE_SIGN_IDENTITY = "iPhone Developer";
				INFOPLIST_FILE = PositionSize/Info.plist;
				LD_RUNPATH_SEARCH_PATHS = "$(inherited) @executable_path/Frameworks";
				PRODUCT_NAME = "Position Size";
				SWIFT_OBJC_BRIDGING_HEADER = PositionSize/PositionSizeBridge.h;
			};
			name = Debug;
		};
		168BF904199BB2630024E4FC /* Release */ = {
			isa = XCBuildConfiguration;
			baseConfigurationReference = 368CE388B66C4B0781F8BA26 /* Pods.xcconfig */;
			buildSettings = {
				ASSETCATALOG_COMPILER_APPICON_NAME = AppIcon;
				ASSETCATALOG_COMPILER_LAUNCHIMAGE_NAME = LaunchImage;
				CODE_SIGN_IDENTITY = "iPhone Developer";
				INFOPLIST_FILE = PositionSize/Info.plist;
				LD_RUNPATH_SEARCH_PATHS = "$(inherited) @executable_path/Frameworks";
				PRODUCT_NAME = "Position Size";
				SWIFT_OBJC_BRIDGING_HEADER = PositionSize/PositionSizeBridge.h;
			};
			name = Release;
		};
		168BF906199BB2630024E4FC /* Debug */ = {
			isa = XCBuildConfiguration;
			buildSettings = {
				BUNDLE_LOADER = "$(TEST_HOST)";
				FRAMEWORK_SEARCH_PATHS = (
					"$(SDKROOT)/Developer/Library/Frameworks",
					"$(inherited)",
				);
				GCC_PREPROCESSOR_DEFINITIONS = (
					"DEBUG=1",
					"$(inherited)",
				);
				INFOPLIST_FILE = PositionSizeTests/Info.plist;
				LD_RUNPATH_SEARCH_PATHS = "$(inherited) @executable_path/Frameworks @loader_path/Frameworks";
				PRODUCT_NAME = "$(TARGET_NAME)";
				TEST_HOST = "$(BUILT_PRODUCTS_DIR)/Position Size.app/Position Size";
			};
			name = Debug;
		};
		168BF907199BB2630024E4FC /* Release */ = {
			isa = XCBuildConfiguration;
			buildSettings = {
				BUNDLE_LOADER = "$(TEST_HOST)";
				FRAMEWORK_SEARCH_PATHS = (
					"$(SDKROOT)/Developer/Library/Frameworks",
					"$(inherited)",
				);
				INFOPLIST_FILE = PositionSizeTests/Info.plist;
				LD_RUNPATH_SEARCH_PATHS = "$(inherited) @executable_path/Frameworks @loader_path/Frameworks";
				PRODUCT_NAME = "$(TARGET_NAME)";
				TEST_HOST = "$(BUILT_PRODUCTS_DIR)/Position Size.app/Position Size";
			};
			name = Release;
		};
/* End XCBuildConfiguration section */

/* Begin XCConfigurationList section */
		168BF8E1199BB2630024E4FC /* Build configuration list for PBXProject "PositionSize" */ = {
			isa = XCConfigurationList;
			buildConfigurations = (
				168BF900199BB2630024E4FC /* Debug */,
				168BF901199BB2630024E4FC /* Release */,
			);
			defaultConfigurationIsVisible = 0;
			defaultConfigurationName = Release;
		};
		168BF902199BB2630024E4FC /* Build configuration list for PBXNativeTarget "PositionSize" */ = {
			isa = XCConfigurationList;
			buildConfigurations = (
				168BF903199BB2630024E4FC /* Debug */,
				168BF904199BB2630024E4FC /* Release */,
			);
			defaultConfigurationIsVisible = 0;
			defaultConfigurationName = Release;
		};
		168BF905199BB2630024E4FC /* Build configuration list for PBXNativeTarget "PositionSizeTests" */ = {
			isa = XCConfigurationList;
			buildConfigurations = (
				168BF906199BB2630024E4FC /* Debug */,
				168BF907199BB2630024E4FC /* Release */,
			);
			defaultConfigurationIsVisible = 0;
			defaultConfigurationName = Release;
		};
/* End XCConfigurationList section */
	};
	rootObject = 168BF8DE199BB2630024E4FC /* Project object */;
}
